
Microsoft Visual Studio Solution File, Format Version 12.00
Project("{FAE04EC0-301F-11D3-BF4B-00C04F79EFBC}") = "PlanIt.ApiGateway.Ocelot", "PlanIt.ApiGateway.Ocelot\PlanIt.ApiGateway.Ocelot.csproj", "{0379DB64-4D80-48E0-998C-C8CFF1DC319A}"
EndProject
Global
	GlobalSection(SolutionConfigurationPlatforms) = preSolution
		Debug|Any CPU = Debug|Any CPU
		Release|Any CPU = Release|Any CPU
	EndGlobalSection
	GlobalSection(ProjectConfigurationPlatforms) = postSolution
		{0379DB64-4D80-48E0-998C-C8CFF1DC319A}.Debug|Any CPU.ActiveCfg = Debug|Any CPU
		{0379DB64-4D80-48E0-998C-C8CFF1DC319A}.Debug|Any CPU.Build.0 = Debug|Any CPU
		{0379DB64-4D80-48E0-998C-C8CFF1DC319A}.Release|Any CPU.ActiveCfg = Release|Any CPU
		{0379DB64-4D80-48E0-998C-C8CFF1DC319A}.Release|Any CPU.Build.0 = Release|Any CPU
	EndGlobalSection
EndGlobal
